
Microsoft Visual Studio Solution File, Format Version 12.00
# Visual Studio Version 17
VisualStudioVersion = 17.5.002.0
MinimumVisualStudioVersion = 10.0.40219.1
Project("{9A19103F-16F7-4668-BE54-9A1E7A4F7556}") = "FSCore", "FSCore\FSCore.csproj", "{5E2E691C-D153-44D9-A179-1D755389F883}"
EndProject
Project("{9A19103F-16F7-4668-BE54-9A1E7A4F7556}") = "FSTester", "FSTester\FSTester.csproj", "{D9453579-1A9D-4D84-9BFC-A6779637DDCB}"
EndProject
Project("{FAE04EC0-301F-11D3-BF4B-00C04F79EFBC}") = "FSManager", "FSManager\FSManager.csproj", "{A59F6C7D-2B62-423A-8724-3C4F30C26E7B}"
EndProject
Project("{FAE04EC0-301F-11D3-BF4B-00C04F79EFBC}") = "FSManager.Tests", "FSManager.Tests\FSManager.Tests.csproj", "{190753EA-FF10-4420-9FC9-CD7A1DCAA8C1}"
EndProject
Project("{FAE04EC0-301F-11D3-BF4B-00C04F79EFBC}") = "FSClient", "FSClient\FSClient.csproj", "{FD123BE7-1F51-4BE6-B35C-F9D8CFC55DB3}"
EndProject
Project("{FAE04EC0-301F-11D3-BF4B-00C04F79EFBC}") = "FSManager.Shared", "FSManager.Shared\FSManager.Shared.csproj", "{2512DDA4-6D60-4121-A585-8CF944F39DB0}"
EndProject
Project("{FAE04EC0-301F-11D3-BF4B-00C04F79EFBC}") = "FSLogsCollector", "FSLogsCollector\FSLogsCollector.csproj", "{487A0A65-ADCE-4FDD-B28B-A23067EC897C}"
EndProject
Project("{FAE04EC0-301F-11D3-BF4B-00C04F79EFBC}") = "FSCore.Tests", "FSCore.Tests\FSCore.Tests.csproj", "{54406538-F0A7-4E39-9E9D-480CC94A5BF6}"
EndProject
Global
	GlobalSection(SolutionConfigurationPlatforms) = preSolution
		Debug|Any CPU = Debug|Any CPU
		Release|Any CPU = Release|Any CPU
	EndGlobalSection
	GlobalSection(ProjectConfigurationPlatforms) = postSolution
		{5E2E691C-D153-44D9-A179-1D755389F883}.Debug|Any CPU.ActiveCfg = Debug|Any CPU
		{5E2E691C-D153-44D9-A179-1D755389F883}.Debug|Any CPU.Build.0 = Debug|Any CPU
		{5E2E691C-D153-44D9-A179-1D755389F883}.Release|Any CPU.ActiveCfg = Release|Any CPU
		{5E2E691C-D153-44D9-A179-1D755389F883}.Release|Any CPU.Build.0 = Release|Any CPU
		{D9453579-1A9D-4D84-9BFC-A6779637DDCB}.Debug|Any CPU.ActiveCfg = Debug|Any CPU
		{D9453579-1A9D-4D84-9BFC-A6779637DDCB}.Debug|Any CPU.Build.0 = Debug|Any CPU
		{D9453579-1A9D-4D84-9BFC-A6779637DDCB}.Release|Any CPU.ActiveCfg = Release|Any CPU
		{D9453579-1A9D-4D84-9BFC-A6779637DDCB}.Release|Any CPU.Build.0 = Release|Any CPU
		{A59F6C7D-2B62-423A-8724-3C4F30C26E7B}.Debug|Any CPU.ActiveCfg = Debug|Any CPU
		{A59F6C7D-2B62-423A-8724-3C4F30C26E7B}.Debug|Any CPU.Build.0 = Debug|Any CPU
		{A59F6C7D-2B62-423A-8724-3C4F30C26E7B}.Release|Any CPU.ActiveCfg = Release|Any CPU
		{A59F6C7D-2B62-423A-8724-3C4F30C26E7B}.Release|Any CPU.Build.0 = Release|Any CPU
		{190753EA-FF10-4420-9FC9-CD7A1DCAA8C1}.Debug|Any CPU.ActiveCfg = Debug|Any CPU
		{190753EA-FF10-4420-9FC9-CD7A1DCAA8C1}.Debug|Any CPU.Build.0 = Debug|Any CPU
		{190753EA-FF10-4420-9FC9-CD7A1DCAA8C1}.Release|Any CPU.ActiveCfg = Release|Any CPU
		{190753EA-FF10-4420-9FC9-CD7A1DCAA8C1}.Release|Any CPU.Build.0 = Release|Any CPU
		{977ADAC5-6029-4A11-A4E0-04D5B424F905}.Debug|Any CPU.ActiveCfg = Debug|Any CPU
		{977ADAC5-6029-4A11-A4E0-04D5B424F905}.Debug|Any CPU.Build.0 = Debug|Any CPU
		{977ADAC5-6029-4A11-A4E0-04D5B424F905}.Release|Any CPU.ActiveCfg = Release|Any CPU
		{977ADAC5-6029-4A11-A4E0-04D5B424F905}.Release|Any CPU.Build.0 = Release|Any CPU
		{FD123BE7-1F51-4BE6-B35C-F9D8CFC55DB3}.Debug|Any CPU.ActiveCfg = Debug|Any CPU
		{FD123BE7-1F51-4BE6-B35C-F9D8CFC55DB3}.Debug|Any CPU.Build.0 = Debug|Any CPU
		{FD123BE7-1F51-4BE6-B35C-F9D8CFC55DB3}.Release|Any CPU.ActiveCfg = Debug|Any CPU
		{FD123BE7-1F51-4BE6-B35C-F9D8CFC55DB3}.Release|Any CPU.Build.0 = Debug|Any CPU
		{2512DDA4-6D60-4121-A585-8CF944F39DB0}.Debug|Any CPU.ActiveCfg = Debug|Any CPU
		{2512DDA4-6D60-4121-A585-8CF944F39DB0}.Debug|Any CPU.Build.0 = Debug|Any CPU
		{2512DDA4-6D60-4121-A585-8CF944F39DB0}.Release|Any CPU.ActiveCfg = Release|Any CPU
		{2512DDA4-6D60-4121-A585-8CF944F39DB0}.Release|Any CPU.Build.0 = Release|Any CPU
		{487A0A65-ADCE-4FDD-B28B-A23067EC897C}.Debug|Any CPU.ActiveCfg = Debug|Any CPU
		{487A0A65-ADCE-4FDD-B28B-A23067EC897C}.Debug|Any CPU.Build.0 = Debug|Any CPU
		{487A0A65-ADCE-4FDD-B28B-A23067EC897C}.Release|Any CPU.ActiveCfg = Release|Any CPU
		{487A0A65-ADCE-4FDD-B28B-A23067EC897C}.Release|Any CPU.Build.0 = Release|Any CPU
		{54406538-F0A7-4E39-9E9D-480CC94A5BF6}.Debug|Any CPU.ActiveCfg = Debug|Any CPU
		{54406538-F0A7-4E39-9E9D-480CC94A5BF6}.Debug|Any CPU.Build.0 = Debug|Any CPU
		{54406538-F0A7-4E39-9E9D-480CC94A5BF6}.Release|Any CPU.ActiveCfg = Release|Any CPU
		{54406538-F0A7-4E39-9E9D-480CC94A5BF6}.Release|Any CPU.Build.0 = Release|Any CPU
	EndGlobalSection
	GlobalSection(SolutionProperties) = preSolution
		HideSolutionNode = FALSE
	EndGlobalSection
	GlobalSection(ExtensibilityGlobals) = postSolution
		SolutionGuid = {5AA24DA6-B2AA-4A5C-A087-166AF7570CA4}
	EndGlobalSection
EndGlobal
