
Microsoft Visual Studio Solution File, Format Version 12.00
# Visual Studio Version 17
VisualStudioVersion = 17.5.002.0
MinimumVisualStudioVersion = 10.0.40219.1
Project("{9A19103F-16F7-4668-BE54-9A1E7A4F7556}") = "FSManager", "FSManager.csproj", "{A036DDE1-B041-4C3A-AAEF-E79BD7DB2CCD}"
EndProject
Global
	GlobalSection(SolutionConfigurationPlatforms) = preSolution
		Debug|Any CPU = Debug|Any CPU
		Release|Any CPU = Release|Any CPU
	EndGlobalSection
	GlobalSection(ProjectConfigurationPlatforms) = postSolution
		{A036DDE1-B041-4C3A-AAEF-E79BD7DB2CCD}.Debug|Any CPU.ActiveCfg = Debug|Any CPU
		{A036DDE1-B041-4C3A-AAEF-E79BD7DB2CCD}.Debug|Any CPU.Build.0 = Debug|Any CPU
		{A036DDE1-B041-4C3A-AAEF-E79BD7DB2CCD}.Release|Any CPU.ActiveCfg = Release|Any CPU
		{A036DDE1-B041-4C3A-AAEF-E79BD7DB2CCD}.Release|Any CPU.Build.0 = Release|Any CPU
	EndGlobalSection
	GlobalSection(SolutionProperties) = preSolution
		HideSolutionNode = FALSE
	EndGlobalSection
	GlobalSection(ExtensibilityGlobals) = postSolution
		SolutionGuid = {1A156AA8-D81F-42B0-9BF3-A702013FB870}
	EndGlobalSection
EndGlobal
